
Microsoft Visual Studio Solution File, Format Version 12.00
# Visual Studio Version 17
VisualStudioVersion = 17.5.33530.505
MinimumVisualStudioVersion = 10.0.40219.1
Project("{9A19103F-16F7-4668-BE54-9A1E7A4F7556}") = "EK4", "EK4\EK4.csproj", "{2D19362E-3A97-485C-936D-F816F3FBDE72}"
EndProject
Project("{9A19103F-16F7-4668-BE54-9A1E7A4F7556}") = "EK7", "EK7\EK7.csproj", "{99CCD934-8F4C-4584-A7CA-5698F2FBAFEA}"
EndProject
Project("{9A19103F-16F7-4668-BE54-9A1E7A4F7556}") = "EK3", "EK3\EK3.csproj", "{AD39BCA1-DAAE-4B04-A8C1-E1D16A4523E0}"
EndProject
Project("{9A19103F-16F7-4668-BE54-9A1E7A4F7556}") = "EK5", "EK5\EK5.csproj", "{05D13D6F-16CF-4599-9925-7DDC2F2F39ED}"
EndProject
Project("{9A19103F-16F7-4668-BE54-9A1E7A4F7556}") = "FormParquet", "FormParquet\FormParquet.csproj", "{68879CFB-05A0-4283-9EF4-D2824B5D14E4}"
EndProject
Project("{2150E333-8FDC-42A3-9474-1A3956D46DE8}") = "Solution Items", "Solution Items", "{92287B35-AE41-4F6B-B650-7592AB77CF78}"
	ProjectSection(SolutionItems) = preProject
		main_note.txt = main_note.txt
	EndProjectSection
EndProject
Project("{FAE04EC0-301F-11D3-BF4B-00C04F79EFBC}") = "GlobalHelper", "GlobalHelper\GlobalHelper.csproj", "{1A97EB17-2683-43E4-B4E8-1CFEA3C9ADCD}"
EndProject
Global
	GlobalSection(SolutionConfigurationPlatforms) = preSolution
		Debug|Any CPU = Debug|Any CPU
		Release|Any CPU = Release|Any CPU
	EndGlobalSection
	GlobalSection(ProjectConfigurationPlatforms) = postSolution
		{2D19362E-3A97-485C-936D-F816F3FBDE72}.Debug|Any CPU.ActiveCfg = Debug|Any CPU
		{2D19362E-3A97-485C-936D-F816F3FBDE72}.Debug|Any CPU.Build.0 = Debug|Any CPU
		{2D19362E-3A97-485C-936D-F816F3FBDE72}.Release|Any CPU.ActiveCfg = Release|Any CPU
		{2D19362E-3A97-485C-936D-F816F3FBDE72}.Release|Any CPU.Build.0 = Release|Any CPU
		{99CCD934-8F4C-4584-A7CA-5698F2FBAFEA}.Debug|Any CPU.ActiveCfg = Debug|Any CPU
		{99CCD934-8F4C-4584-A7CA-5698F2FBAFEA}.Debug|Any CPU.Build.0 = Debug|Any CPU
		{99CCD934-8F4C-4584-A7CA-5698F2FBAFEA}.Release|Any CPU.ActiveCfg = Release|Any CPU
		{99CCD934-8F4C-4584-A7CA-5698F2FBAFEA}.Release|Any CPU.Build.0 = Release|Any CPU
		{AD39BCA1-DAAE-4B04-A8C1-E1D16A4523E0}.Debug|Any CPU.ActiveCfg = Debug|Any CPU
		{AD39BCA1-DAAE-4B04-A8C1-E1D16A4523E0}.Debug|Any CPU.Build.0 = Debug|Any CPU
		{AD39BCA1-DAAE-4B04-A8C1-E1D16A4523E0}.Release|Any CPU.ActiveCfg = Release|Any CPU
		{AD39BCA1-DAAE-4B04-A8C1-E1D16A4523E0}.Release|Any CPU.Build.0 = Release|Any CPU
		{05D13D6F-16CF-4599-9925-7DDC2F2F39ED}.Debug|Any CPU.ActiveCfg = Debug|Any CPU
		{05D13D6F-16CF-4599-9925-7DDC2F2F39ED}.Debug|Any CPU.Build.0 = Debug|Any CPU
		{05D13D6F-16CF-4599-9925-7DDC2F2F39ED}.Release|Any CPU.ActiveCfg = Release|Any CPU
		{05D13D6F-16CF-4599-9925-7DDC2F2F39ED}.Release|Any CPU.Build.0 = Release|Any CPU
		{68879CFB-05A0-4283-9EF4-D2824B5D14E4}.Debug|Any CPU.ActiveCfg = Debug|Any CPU
		{68879CFB-05A0-4283-9EF4-D2824B5D14E4}.Debug|Any CPU.Build.0 = Debug|Any CPU
		{68879CFB-05A0-4283-9EF4-D2824B5D14E4}.Release|Any CPU.ActiveCfg = Release|Any CPU
		{68879CFB-05A0-4283-9EF4-D2824B5D14E4}.Release|Any CPU.Build.0 = Release|Any CPU
		{1A97EB17-2683-43E4-B4E8-1CFEA3C9ADCD}.Debug|Any CPU.ActiveCfg = Debug|Any CPU
		{1A97EB17-2683-43E4-B4E8-1CFEA3C9ADCD}.Debug|Any CPU.Build.0 = Debug|Any CPU
		{1A97EB17-2683-43E4-B4E8-1CFEA3C9ADCD}.Release|Any CPU.ActiveCfg = Release|Any CPU
		{1A97EB17-2683-43E4-B4E8-1CFEA3C9ADCD}.Release|Any CPU.Build.0 = Release|Any CPU
	EndGlobalSection
	GlobalSection(SolutionProperties) = preSolution
		HideSolutionNode = FALSE
	EndGlobalSection
	GlobalSection(ExtensibilityGlobals) = postSolution
		SolutionGuid = {412E28AC-BE91-41F3-9C10-608650285FA8}
	EndGlobalSection
EndGlobal
